
Microsoft Visual Studio Solution File, Format Version 12.00
# Visual Studio 15
VisualStudioVersion = 15.0.26228.4
MinimumVisualStudioVersion = 10.0.40219.1
Project("{2150E333-8FDC-42A3-9474-1A3956D46DE8}") = "Server", "Server", "{8F5FC9C7-8255-4E42-99A5-E4B02DA19614}"
EndProject
Project("{2150E333-8FDC-42A3-9474-1A3956D46DE8}") = "Shared", "Shared", "{48BE2B64-ADF1-4DE4-AF14-BFFB0F4FD09E}"
EndProject
Project("{2150E333-8FDC-42A3-9474-1A3956D46DE8}") = "WebUI", "WebUI", "{A5312142-215A-48A3-83DB-F279BCDB4431}"
EndProject
Project("{FAE04EC0-301F-11D3-BF4B-00C04F79EFBC}") = "FIT.Diploma.Server.Database", "FIT.Diploma.Server.Database\FIT.Diploma.Server.Database.csproj", "{1713E105-1297-4D05-AE27-3AA8EC90D143}"
EndProject
Project("{FAE04EC0-301F-11D3-BF4B-00C04F79EFBC}") = "FIT.Diploma.Server.DataAccess", "FIT.Diploma.Server.DataAccess\FIT.Diploma.Server.DataAccess.csproj", "{51EDAA47-0926-4612-882D-78CC2D77C35C}"
	ProjectSection(ProjectDependencies) = postProject
		{1713E105-1297-4D05-AE27-3AA8EC90D143} = {1713E105-1297-4D05-AE27-3AA8EC90D143}
	EndProjectSection
EndProject
Project("{FAE04EC0-301F-11D3-BF4B-00C04F79EFBC}") = "FIT.Diploma.Server.DataGathering", "FIT.Diploma.Server.DataGathering\FIT.Diploma.Server.DataGathering.csproj", "{52EE12F0-B822-479F-A4F7-99A826061376}"
	ProjectSection(ProjectDependencies) = postProject
		{51EDAA47-0926-4612-882D-78CC2D77C35C} = {51EDAA47-0926-4612-882D-78CC2D77C35C}
	EndProjectSection
EndProject
Project("{FAE04EC0-301F-11D3-BF4B-00C04F79EFBC}") = "FIT.Diploma.Server.DataAnalysis", "FIT.Diploma.Server.DataAnalysis\FIT.Diploma.Server.DataAnalysis.csproj", "{BCA8BAD2-F1D7-4507-958E-92C51282E529}"
	ProjectSection(ProjectDependencies) = postProject
		{51EDAA47-0926-4612-882D-78CC2D77C35C} = {51EDAA47-0926-4612-882D-78CC2D77C35C}
	EndProjectSection
EndProject
Project("{FAE04EC0-301F-11D3-BF4B-00C04F79EFBC}") = "FIT.Diploma.WebApplication", "FIT.Diploma.WebApplication\FIT.Diploma.WebApplication.csproj", "{D3275B40-E25D-494A-8B8F-6782D925B027}"
EndProject
Project("{FAE04EC0-301F-11D3-BF4B-00C04F79EFBC}") = "FIT.Diploma.Shared.DataAccess", "FIT.Diploma.Shared.DataAccess\FIT.Diploma.Shared.DataAccess.csproj", "{95D61B95-6759-4095-9713-60CFFCB0918B}"
EndProject
Project("{FAE04EC0-301F-11D3-BF4B-00C04F79EFBC}") = "FIT.Diploma.Server.ConsoleApp.Testing", "FIT.Diploma.Server.ConsoleApp.Testing\FIT.Diploma.Server.ConsoleApp.Testing.csproj", "{544C54E5-5E96-4E46-8C5E-1F3CE6D05911}"
EndProject
Project("{FAE04EC0-301F-11D3-BF4B-00C04F79EFBC}") = "FIT.Diploma.REST.Host", "FIT.Diploma.REST.Host\FIT.Diploma.REST.Host.csproj", "{9BAEF927-22BD-4717-8FF6-0D32DDA31918}"
EndProject
Project("{FAE04EC0-301F-11D3-BF4B-00C04F79EFBC}") = "FIT.Diploma.Server.DataGathering.Tests", "FIT.Diploma.Server.DataGathering.Tests\FIT.Diploma.Server.DataGathering.Tests.csproj", "{BF55ADE0-0A2F-44A1-9BBA-FC1BBFEFEBEF}"
EndProject
Project("{2150E333-8FDC-42A3-9474-1A3956D46DE8}") = "Testing", "Testing", "{6207B910-21C0-4DF0-AF78-ED74446A54AB}"
EndProject
Project("{FAE04EC0-301F-11D3-BF4B-00C04F79EFBC}") = "FIT.Diploma.Server.DataAnalysis.SearchingTool.Tests", "FIT.Diploma.Server.DataAnalysis.SearchingTool.Tests\FIT.Diploma.Server.DataAnalysis.SearchingTool.Tests.csproj", "{A44ECA27-95F8-4F3D-A441-777D2FBDDF8C}"
EndProject
Project("{FAE04EC0-301F-11D3-BF4B-00C04F79EFBC}") = "FIT.Diploma.REST.Client", "FIT.Diploma.REST.Client\FIT.Diploma.REST.Client.csproj", "{D8D4C2CE-BC77-4C19-B76B-2AA9FCCE4308}"
EndProject
Project("{FAE04EC0-301F-11D3-BF4B-00C04F79EFBC}") = "FIT.Diploma.Shared.Logger", "FIT.Diploma.Shared.Logger\FIT.Diploma.Shared.Logger.csproj", "{B4785683-8E6D-4745-B3CD-A07A554532FB}"
EndProject
Project("{FAE04EC0-301F-11D3-BF4B-00C04F79EFBC}") = "FIT.Diploma.Shared.Constants", "FIT.Diploma.Shared.Constants\FIT.Diploma.Shared.Constants.csproj", "{E4FF1188-A1C7-48A2-BC15-B3A96C0F0FAF}"
EndProject
Project("{FAE04EC0-301F-11D3-BF4B-00C04F79EFBC}") = "FIT.Diploma.Shared.Database", "FIT.Diploma.Shared.Database\FIT.Diploma.Shared.Database.csproj", "{B231D89E-2575-4B34-B103-A993870D3ECA}"
EndProject
Project("{FAE04EC0-301F-11D3-BF4B-00C04F79EFBC}") = "FIT.Diploma.TestingFramework", "FIT.Diploma.TestingFramework\FIT.Diploma.TestingFramework.csproj", "{1463B4F6-93FF-4CAA-9C74-647E98A623D4}"
EndProject
Global
	GlobalSection(SolutionConfigurationPlatforms) = preSolution
		Debug|Any CPU = Debug|Any CPU
		Release|Any CPU = Release|Any CPU
	EndGlobalSection
	GlobalSection(ProjectConfigurationPlatforms) = postSolution
		{1713E105-1297-4D05-AE27-3AA8EC90D143}.Debug|Any CPU.ActiveCfg = Debug|Any CPU
		{1713E105-1297-4D05-AE27-3AA8EC90D143}.Debug|Any CPU.Build.0 = Debug|Any CPU
		{1713E105-1297-4D05-AE27-3AA8EC90D143}.Release|Any CPU.ActiveCfg = Release|Any CPU
		{1713E105-1297-4D05-AE27-3AA8EC90D143}.Release|Any CPU.Build.0 = Release|Any CPU
		{51EDAA47-0926-4612-882D-78CC2D77C35C}.Debug|Any CPU.ActiveCfg = Debug|Any CPU
		{51EDAA47-0926-4612-882D-78CC2D77C35C}.Debug|Any CPU.Build.0 = Debug|Any CPU
		{51EDAA47-0926-4612-882D-78CC2D77C35C}.Release|Any CPU.ActiveCfg = Release|Any CPU
		{51EDAA47-0926-4612-882D-78CC2D77C35C}.Release|Any CPU.Build.0 = Release|Any CPU
		{52EE12F0-B822-479F-A4F7-99A826061376}.Debug|Any CPU.ActiveCfg = Debug|Any CPU
		{52EE12F0-B822-479F-A4F7-99A826061376}.Debug|Any CPU.Build.0 = Debug|Any CPU
		{52EE12F0-B822-479F-A4F7-99A826061376}.Release|Any CPU.ActiveCfg = Release|Any CPU
		{52EE12F0-B822-479F-A4F7-99A826061376}.Release|Any CPU.Build.0 = Release|Any CPU
		{BCA8BAD2-F1D7-4507-958E-92C51282E529}.Debug|Any CPU.ActiveCfg = Debug|Any CPU
		{BCA8BAD2-F1D7-4507-958E-92C51282E529}.Debug|Any CPU.Build.0 = Debug|Any CPU
		{BCA8BAD2-F1D7-4507-958E-92C51282E529}.Release|Any CPU.ActiveCfg = Release|Any CPU
		{BCA8BAD2-F1D7-4507-958E-92C51282E529}.Release|Any CPU.Build.0 = Release|Any CPU
		{D3275B40-E25D-494A-8B8F-6782D925B027}.Debug|Any CPU.ActiveCfg = Debug|Any CPU
		{D3275B40-E25D-494A-8B8F-6782D925B027}.Debug|Any CPU.Build.0 = Debug|Any CPU
		{D3275B40-E25D-494A-8B8F-6782D925B027}.Release|Any CPU.ActiveCfg = Release|Any CPU
		{D3275B40-E25D-494A-8B8F-6782D925B027}.Release|Any CPU.Build.0 = Release|Any CPU
		{95D61B95-6759-4095-9713-60CFFCB0918B}.Debug|Any CPU.ActiveCfg = Debug|Any CPU
		{95D61B95-6759-4095-9713-60CFFCB0918B}.Debug|Any CPU.Build.0 = Debug|Any CPU
		{95D61B95-6759-4095-9713-60CFFCB0918B}.Release|Any CPU.ActiveCfg = Release|Any CPU
		{95D61B95-6759-4095-9713-60CFFCB0918B}.Release|Any CPU.Build.0 = Release|Any CPU
		{544C54E5-5E96-4E46-8C5E-1F3CE6D05911}.Debug|Any CPU.ActiveCfg = Debug|Any CPU
		{544C54E5-5E96-4E46-8C5E-1F3CE6D05911}.Debug|Any CPU.Build.0 = Debug|Any CPU
		{544C54E5-5E96-4E46-8C5E-1F3CE6D05911}.Release|Any CPU.ActiveCfg = Release|Any CPU
		{544C54E5-5E96-4E46-8C5E-1F3CE6D05911}.Release|Any CPU.Build.0 = Release|Any CPU
		{9BAEF927-22BD-4717-8FF6-0D32DDA31918}.Debug|Any CPU.ActiveCfg = Debug|Any CPU
		{9BAEF927-22BD-4717-8FF6-0D32DDA31918}.Debug|Any CPU.Build.0 = Debug|Any CPU
		{9BAEF927-22BD-4717-8FF6-0D32DDA31918}.Release|Any CPU.ActiveCfg = Release|Any CPU
		{9BAEF927-22BD-4717-8FF6-0D32DDA31918}.Release|Any CPU.Build.0 = Release|Any CPU
		{BF55ADE0-0A2F-44A1-9BBA-FC1BBFEFEBEF}.Debug|Any CPU.ActiveCfg = Debug|Any CPU
		{BF55ADE0-0A2F-44A1-9BBA-FC1BBFEFEBEF}.Debug|Any CPU.Build.0 = Debug|Any CPU
		{BF55ADE0-0A2F-44A1-9BBA-FC1BBFEFEBEF}.Release|Any CPU.ActiveCfg = Release|Any CPU
		{BF55ADE0-0A2F-44A1-9BBA-FC1BBFEFEBEF}.Release|Any CPU.Build.0 = Release|Any CPU
		{A44ECA27-95F8-4F3D-A441-777D2FBDDF8C}.Debug|Any CPU.ActiveCfg = Debug|Any CPU
		{A44ECA27-95F8-4F3D-A441-777D2FBDDF8C}.Debug|Any CPU.Build.0 = Debug|Any CPU
		{A44ECA27-95F8-4F3D-A441-777D2FBDDF8C}.Release|Any CPU.ActiveCfg = Release|Any CPU
		{A44ECA27-95F8-4F3D-A441-777D2FBDDF8C}.Release|Any CPU.Build.0 = Release|Any CPU
		{D8D4C2CE-BC77-4C19-B76B-2AA9FCCE4308}.Debug|Any CPU.ActiveCfg = Debug|Any CPU
		{D8D4C2CE-BC77-4C19-B76B-2AA9FCCE4308}.Debug|Any CPU.Build.0 = Debug|Any CPU
		{D8D4C2CE-BC77-4C19-B76B-2AA9FCCE4308}.Release|Any CPU.ActiveCfg = Release|Any CPU
		{D8D4C2CE-BC77-4C19-B76B-2AA9FCCE4308}.Release|Any CPU.Build.0 = Release|Any CPU
		{B4785683-8E6D-4745-B3CD-A07A554532FB}.Debug|Any CPU.ActiveCfg = Debug|Any CPU
		{B4785683-8E6D-4745-B3CD-A07A554532FB}.Debug|Any CPU.Build.0 = Debug|Any CPU
		{B4785683-8E6D-4745-B3CD-A07A554532FB}.Release|Any CPU.ActiveCfg = Release|Any CPU
		{B4785683-8E6D-4745-B3CD-A07A554532FB}.Release|Any CPU.Build.0 = Release|Any CPU
		{E4FF1188-A1C7-48A2-BC15-B3A96C0F0FAF}.Debug|Any CPU.ActiveCfg = Debug|Any CPU
		{E4FF1188-A1C7-48A2-BC15-B3A96C0F0FAF}.Debug|Any CPU.Build.0 = Debug|Any CPU
		{E4FF1188-A1C7-48A2-BC15-B3A96C0F0FAF}.Release|Any CPU.ActiveCfg = Release|Any CPU
		{E4FF1188-A1C7-48A2-BC15-B3A96C0F0FAF}.Release|Any CPU.Build.0 = Release|Any CPU
		{B231D89E-2575-4B34-B103-A993870D3ECA}.Debug|Any CPU.ActiveCfg = Debug|Any CPU
		{B231D89E-2575-4B34-B103-A993870D3ECA}.Debug|Any CPU.Build.0 = Debug|Any CPU
		{B231D89E-2575-4B34-B103-A993870D3ECA}.Release|Any CPU.ActiveCfg = Release|Any CPU
		{B231D89E-2575-4B34-B103-A993870D3ECA}.Release|Any CPU.Build.0 = Release|Any CPU
		{1463B4F6-93FF-4CAA-9C74-647E98A623D4}.Debug|Any CPU.ActiveCfg = Debug|Any CPU
		{1463B4F6-93FF-4CAA-9C74-647E98A623D4}.Debug|Any CPU.Build.0 = Debug|Any CPU
		{1463B4F6-93FF-4CAA-9C74-647E98A623D4}.Release|Any CPU.ActiveCfg = Release|Any CPU
		{1463B4F6-93FF-4CAA-9C74-647E98A623D4}.Release|Any CPU.Build.0 = Release|Any CPU
	EndGlobalSection
	GlobalSection(SolutionProperties) = preSolution
		HideSolutionNode = FALSE
	EndGlobalSection
	GlobalSection(NestedProjects) = preSolution
		{1713E105-1297-4D05-AE27-3AA8EC90D143} = {8F5FC9C7-8255-4E42-99A5-E4B02DA19614}
		{51EDAA47-0926-4612-882D-78CC2D77C35C} = {8F5FC9C7-8255-4E42-99A5-E4B02DA19614}
		{52EE12F0-B822-479F-A4F7-99A826061376} = {8F5FC9C7-8255-4E42-99A5-E4B02DA19614}
		{BCA8BAD2-F1D7-4507-958E-92C51282E529} = {8F5FC9C7-8255-4E42-99A5-E4B02DA19614}
		{D3275B40-E25D-494A-8B8F-6782D925B027} = {A5312142-215A-48A3-83DB-F279BCDB4431}
		{95D61B95-6759-4095-9713-60CFFCB0918B} = {48BE2B64-ADF1-4DE4-AF14-BFFB0F4FD09E}
		{544C54E5-5E96-4E46-8C5E-1F3CE6D05911} = {8F5FC9C7-8255-4E42-99A5-E4B02DA19614}
		{9BAEF927-22BD-4717-8FF6-0D32DDA31918} = {8F5FC9C7-8255-4E42-99A5-E4B02DA19614}
		{BF55ADE0-0A2F-44A1-9BBA-FC1BBFEFEBEF} = {6207B910-21C0-4DF0-AF78-ED74446A54AB}
		{A44ECA27-95F8-4F3D-A441-777D2FBDDF8C} = {6207B910-21C0-4DF0-AF78-ED74446A54AB}
		{D8D4C2CE-BC77-4C19-B76B-2AA9FCCE4308} = {48BE2B64-ADF1-4DE4-AF14-BFFB0F4FD09E}
		{B4785683-8E6D-4745-B3CD-A07A554532FB} = {48BE2B64-ADF1-4DE4-AF14-BFFB0F4FD09E}
		{E4FF1188-A1C7-48A2-BC15-B3A96C0F0FAF} = {48BE2B64-ADF1-4DE4-AF14-BFFB0F4FD09E}
		{B231D89E-2575-4B34-B103-A993870D3ECA} = {48BE2B64-ADF1-4DE4-AF14-BFFB0F4FD09E}
		{1463B4F6-93FF-4CAA-9C74-647E98A623D4} = {6207B910-21C0-4DF0-AF78-ED74446A54AB}
	EndGlobalSection
EndGlobal
